// !$*UTF8*$!
{
	archiveVersion = 1;
	classes = {
	};
	objectVersion = 50;
	objects = {

/* Begin PBXBuildFile section */
		FB1BCD1E20FEAF3700E2CA82 /* AppDelegate.swift in Sources */ = {isa = PBXBuildFile; fileRef = FB1BCD1D20FEAF3700E2CA82 /* AppDelegate.swift */; };
		FB1BCD2020FEAF3700E2CA82 /* ViewController.swift in Sources */ = {isa = PBXBuildFile; fileRef = FB1BCD1F20FEAF3700E2CA82 /* ViewController.swift */; };
		FB1BCD2320FEAF3700E2CA82 /* Main.storyboard in Resources */ = {isa = PBXBuildFile; fileRef = FB1BCD2120FEAF3700E2CA82 /* Main.storyboard */; };
		FB1BCD2520FEAF3800E2CA82 /* Assets.xcassets in Resources */ = {isa = PBXBuildFile; fileRef = FB1BCD2420FEAF3800E2CA82 /* Assets.xcassets */; };
		FB1BCD2820FEAF3800E2CA82 /* LaunchScreen.storyboard in Resources */ = {isa = PBXBuildFile; fileRef = FB1BCD2620FEAF3800E2CA82 /* LaunchScreen.storyboard */; };
		FB1BCD2D20FEAF3800E2CA82 /* Tipp WatchKit App.app in Embed Watch Content */ = {isa = PBXBuildFile; fileRef = FB1BCD2C20FEAF3800E2CA82 /* Tipp WatchKit App.app */; };
		FB1BCD3320FEAF3800E2CA82 /* Interface.storyboard in Resources */ = {isa = PBXBuildFile; fileRef = FB1BCD3120FEAF3800E2CA82 /* Interface.storyboard */; };
		FB1BCD3520FEAF3900E2CA82 /* Assets.xcassets in Resources */ = {isa = PBXBuildFile; fileRef = FB1BCD3420FEAF3900E2CA82 /* Assets.xcassets */; };
		FB1BCD3C20FEAF3900E2CA82 /* Tipp WatchKit Extension.appex in Embed App Extensions */ = {isa = PBXBuildFile; fileRef = FB1BCD3B20FEAF3900E2CA82 /* Tipp WatchKit Extension.appex */; settings = {ATTRIBUTES = (RemoveHeadersOnCopy, ); }; };
		FB1BCD4120FEAF3900E2CA82 /* TotalInterfaceController.swift in Sources */ = {isa = PBXBuildFile; fileRef = FB1BCD4020FEAF3900E2CA82 /* TotalInterfaceController.swift */; };
		FB1BCD4320FEAF3900E2CA82 /* ExtensionDelegate.swift in Sources */ = {isa = PBXBuildFile; fileRef = FB1BCD4220FEAF3900E2CA82 /* ExtensionDelegate.swift */; };
		FB1BCD4520FEAF3900E2CA82 /* NotificationController.swift in Sources */ = {isa = PBXBuildFile; fileRef = FB1BCD4420FEAF3900E2CA82 /* NotificationController.swift */; };
		FB1BCD4720FEAF3900E2CA82 /* Assets.xcassets in Resources */ = {isa = PBXBuildFile; fileRef = FB1BCD4620FEAF3900E2CA82 /* Assets.xcassets */; };
		FB1BCD7420FEDEA000E2CA82 /* Tip.swift in Sources */ = {isa = PBXBuildFile; fileRef = FB1BCD7320FEDEA000E2CA82 /* Tip.swift */; };
		FB1BCD7520FEDF3800E2CA82 /* Tip.swift in Sources */ = {isa = PBXBuildFile; fileRef = FB1BCD7320FEDEA000E2CA82 /* Tip.swift */; };
		FB95509D210AB8EF0019D310 /* PercentageInterfaceController.swift in Sources */ = {isa = PBXBuildFile; fileRef = FB95509C210AB8EE0019D310 /* PercentageInterfaceController.swift */; };
		FB95509F210ADB820019D310 /* TipInterfaceController.swift in Sources */ = {isa = PBXBuildFile; fileRef = FB95509E210ADB820019D310 /* TipInterfaceController.swift */; };
/* End PBXBuildFile section */

/* Begin PBXContainerItemProxy section */
		FB1BCD2E20FEAF3800E2CA82 /* PBXContainerItemProxy */ = {
			isa = PBXContainerItemProxy;
			containerPortal = FB1BCD1220FEAF3700E2CA82 /* Project object */;
			proxyType = 1;
			remoteGlobalIDString = FB1BCD2B20FEAF3800E2CA82;
			remoteInfo = "Tipp WatchKit App";
		};
		FB1BCD3D20FEAF3900E2CA82 /* PBXContainerItemProxy */ = {
			isa = PBXContainerItemProxy;
			containerPortal = FB1BCD1220FEAF3700E2CA82 /* Project object */;
			proxyType = 1;
			remoteGlobalIDString = FB1BCD3A20FEAF3900E2CA82;
			remoteInfo = "Tipp WatchKit Extension";
		};
/* End PBXContainerItemProxy section */

/* Begin PBXCopyFilesBuildPhase section */
		FB1BCD4F20FEAF3900E2CA82 /* Embed App Extensions */ = {
			isa = PBXCopyFilesBuildPhase;
			buildActionMask = 2147483647;
			dstPath = "";
			dstSubfolderSpec = 13;
			files = (
				FB1BCD3C20FEAF3900E2CA82 /* Tipp WatchKit Extension.appex in Embed App Extensions */,
			);
			name = "Embed App Extensions";
			runOnlyForDeploymentPostprocessing = 0;
		};
		FB1BCD5320FEAF3900E2CA82 /* Embed Watch Content */ = {
			isa = PBXCopyFilesBuildPhase;
			buildActionMask = 2147483647;
			dstPath = "$(CONTENTS_FOLDER_PATH)/Watch";
			dstSubfolderSpec = 16;
			files = (
				FB1BCD2D20FEAF3800E2CA82 /* Tipp WatchKit App.app in Embed Watch Content */,
			);
			name = "Embed Watch Content";
			runOnlyForDeploymentPostprocessing = 0;
		};
/* End PBXCopyFilesBuildPhase section */

/* Begin PBXFileReference section */
		FB1BCD1A20FEAF3700E2CA82 /* Tipp.app */ = {isa = PBXFileReference; explicitFileType = wrapper.application; includeInIndex = 0; path = Tipp.app; sourceTree = BUILT_PRODUCTS_DIR; };
		FB1BCD1D20FEAF3700E2CA82 /* AppDelegate.swift */ = {isa = PBXFileReference; lastKnownFileType = sourcecode.swift; path = AppDelegate.swift; sourceTree = "<group>"; };
		FB1BCD1F20FEAF3700E2CA82 /* ViewController.swift */ = {isa = PBXFileReference; lastKnownFileType = sourcecode.swift; path = ViewController.swift; sourceTree = "<group>"; };
		FB1BCD2220FEAF3700E2CA82 /* Base */ = {isa = PBXFileReference; lastKnownFileType = file.storyboard; name = Base; path = Base.lproj/Main.storyboard; sourceTree = "<group>"; };
		FB1BCD2420FEAF3800E2CA82 /* Assets.xcassets */ = {isa = PBXFileReference; lastKnownFileType = folder.assetcatalog; path = Assets.xcassets; sourceTree = "<group>"; };
		FB1BCD2720FEAF3800E2CA82 /* Base */ = {isa = PBXFileReference; lastKnownFileType = file.storyboard; name = Base; path = Base.lproj/LaunchScreen.storyboard; sourceTree = "<group>"; };
		FB1BCD2920FEAF3800E2CA82 /* Info.plist */ = {isa = PBXFileReference; lastKnownFileType = text.plist.xml; path = Info.plist; sourceTree = "<group>"; };
		FB1BCD2C20FEAF3800E2CA82 /* Tipp WatchKit App.app */ = {isa = PBXFileReference; explicitFileType = wrapper.application; includeInIndex = 0; path = "Tipp WatchKit App.app"; sourceTree = BUILT_PRODUCTS_DIR; };
		FB1BCD3220FEAF3800E2CA82 /* Base */ = {isa = PBXFileReference; lastKnownFileType = file.storyboard; name = Base; path = Base.lproj/Interface.storyboard; sourceTree = "<group>"; };
		FB1BCD3420FEAF3900E2CA82 /* Assets.xcassets */ = {isa = PBXFileReference; lastKnownFileType = folder.assetcatalog; path = Assets.xcassets; sourceTree = "<group>"; };
		FB1BCD3620FEAF3900E2CA82 /* Info.plist */ = {isa = PBXFileReference; lastKnownFileType = text.plist.xml; path = Info.plist; sourceTree = "<group>"; };
		FB1BCD3B20FEAF3900E2CA82 /* Tipp WatchKit Extension.appex */ = {isa = PBXFileReference; explicitFileType = "wrapper.app-extension"; includeInIndex = 0; path = "Tipp WatchKit Extension.appex"; sourceTree = BUILT_PRODUCTS_DIR; };
		FB1BCD4020FEAF3900E2CA82 /* TotalInterfaceController.swift */ = {isa = PBXFileReference; lastKnownFileType = sourcecode.swift; path = TotalInterfaceController.swift; sourceTree = "<group>"; };
		FB1BCD4220FEAF3900E2CA82 /* ExtensionDelegate.swift */ = {isa = PBXFileReference; lastKnownFileType = sourcecode.swift; path = ExtensionDelegate.swift; sourceTree = "<group>"; };
		FB1BCD4420FEAF3900E2CA82 /* NotificationController.swift */ = {isa = PBXFileReference; lastKnownFileType = sourcecode.swift; path = NotificationController.swift; sourceTree = "<group>"; };
		FB1BCD4620FEAF3900E2CA82 /* Assets.xcassets */ = {isa = PBXFileReference; lastKnownFileType = folder.assetcatalog; path = Assets.xcassets; sourceTree = "<group>"; };
		FB1BCD4820FEAF3900E2CA82 /* Info.plist */ = {isa = PBXFileReference; lastKnownFileType = text.plist.xml; path = Info.plist; sourceTree = "<group>"; };
		FB1BCD4920FEAF3900E2CA82 /* PushNotificationPayload.apns */ = {isa = PBXFileReference; lastKnownFileType = text; path = PushNotificationPayload.apns; sourceTree = "<group>"; };
		FB1BCD7320FEDEA000E2CA82 /* Tip.swift */ = {isa = PBXFileReference; lastKnownFileType = sourcecode.swift; path = Tip.swift; sourceTree = "<group>"; };
		FB95509C210AB8EE0019D310 /* PercentageInterfaceController.swift */ = {isa = PBXFileReference; lastKnownFileType = sourcecode.swift; path = PercentageInterfaceController.swift; sourceTree = "<group>"; };
		FB95509E210ADB820019D310 /* TipInterfaceController.swift */ = {isa = PBXFileReference; lastKnownFileType = sourcecode.swift; path = TipInterfaceController.swift; sourceTree = "<group>"; };
/* End PBXFileReference section */

/* Begin PBXFrameworksBuildPhase section */
		FB1BCD1720FEAF3700E2CA82 /* Frameworks */ = {
			isa = PBXFrameworksBuildPhase;
			buildActionMask = 2147483647;
			files = (
			);
			runOnlyForDeploymentPostprocessing = 0;
		};
		FB1BCD3820FEAF3900E2CA82 /* Frameworks */ = {
			isa = PBXFrameworksBuildPhase;
			buildActionMask = 2147483647;
			files = (
			);
			runOnlyForDeploymentPostprocessing = 0;
		};
/* End PBXFrameworksBuildPhase section */

/* Begin PBXGroup section */
		FB1BCD1120FEAF3700E2CA82 = {
			isa = PBXGroup;
			children = (
				FB1BCD1C20FEAF3700E2CA82 /* Tipp */,
				FB1BCD3020FEAF3800E2CA82 /* Tipp WatchKit App */,
				FB1BCD3F20FEAF3900E2CA82 /* Tipp WatchKit Extension */,
				FB1BCD1B20FEAF3700E2CA82 /* Products */,
			);
			sourceTree = "<group>";
		};
		FB1BCD1B20FEAF3700E2CA82 /* Products */ = {
			isa = PBXGroup;
			children = (
				FB1BCD1A20FEAF3700E2CA82 /* Tipp.app */,
				FB1BCD2C20FEAF3800E2CA82 /* Tipp WatchKit App.app */,
				FB1BCD3B20FEAF3900E2CA82 /* Tipp WatchKit Extension.appex */,
			);
			name = Products;
			sourceTree = "<group>";
		};
		FB1BCD1C20FEAF3700E2CA82 /* Tipp */ = {
			isa = PBXGroup;
			children = (
				FB1BCD1D20FEAF3700E2CA82 /* AppDelegate.swift */,
				FB1BCD1F20FEAF3700E2CA82 /* ViewController.swift */,
				FB1BCD7320FEDEA000E2CA82 /* Tip.swift */,
				FB1BCD2120FEAF3700E2CA82 /* Main.storyboard */,
				FB1BCD2420FEAF3800E2CA82 /* Assets.xcassets */,
				FB1BCD2620FEAF3800E2CA82 /* LaunchScreen.storyboard */,
				FB1BCD2920FEAF3800E2CA82 /* Info.plist */,
			);
			path = Tipp;
			sourceTree = "<group>";
		};
		FB1BCD3020FEAF3800E2CA82 /* Tipp WatchKit App */ = {
			isa = PBXGroup;
			children = (
				FB1BCD3120FEAF3800E2CA82 /* Interface.storyboard */,
				FB1BCD3420FEAF3900E2CA82 /* Assets.xcassets */,
				FB1BCD3620FEAF3900E2CA82 /* Info.plist */,
			);
			path = "Tipp WatchKit App";
			sourceTree = "<group>";
		};
		FB1BCD3F20FEAF3900E2CA82 /* Tipp WatchKit Extension */ = {
			isa = PBXGroup;
			children = (
				FB1BCD4020FEAF3900E2CA82 /* TotalInterfaceController.swift */,
				FB95509C210AB8EE0019D310 /* PercentageInterfaceController.swift */,
				FB95509E210ADB820019D310 /* TipInterfaceController.swift */,
				FB1BCD4220FEAF3900E2CA82 /* ExtensionDelegate.swift */,
				FB1BCD4420FEAF3900E2CA82 /* NotificationController.swift */,
				FB1BCD4620FEAF3900E2CA82 /* Assets.xcassets */,
				FB1BCD4820FEAF3900E2CA82 /* Info.plist */,
				FB1BCD4920FEAF3900E2CA82 /* PushNotificationPayload.apns */,
			);
			path = "Tipp WatchKit Extension";
			sourceTree = "<group>";
		};
/* End PBXGroup section */

/* Begin PBXNativeTarget section */
		FB1BCD1920FEAF3700E2CA82 /* Tipp */ = {
			isa = PBXNativeTarget;
			buildConfigurationList = FB1BCD5420FEAF3900E2CA82 /* Build configuration list for PBXNativeTarget "Tipp" */;
			buildPhases = (
				FB1BCD1620FEAF3700E2CA82 /* Sources */,
				FB1BCD1720FEAF3700E2CA82 /* Frameworks */,
				FB1BCD1820FEAF3700E2CA82 /* Resources */,
				FB1BCD5320FEAF3900E2CA82 /* Embed Watch Content */,
			);
			buildRules = (
			);
			dependencies = (
				FB1BCD2F20FEAF3800E2CA82 /* PBXTargetDependency */,
			);
			name = Tipp;
			productName = Tipp;
			productReference = FB1BCD1A20FEAF3700E2CA82 /* Tipp.app */;
			productType = "com.apple.product-type.application";
		};
		FB1BCD2B20FEAF3800E2CA82 /* Tipp WatchKit App */ = {
			isa = PBXNativeTarget;
			buildConfigurationList = FB1BCD5020FEAF3900E2CA82 /* Build configuration list for PBXNativeTarget "Tipp WatchKit App" */;
			buildPhases = (
				FB1BCD2A20FEAF3800E2CA82 /* Resources */,
				FB1BCD4F20FEAF3900E2CA82 /* Embed App Extensions */,
			);
			buildRules = (
			);
			dependencies = (
				FB1BCD3E20FEAF3900E2CA82 /* PBXTargetDependency */,
			);
			name = "Tipp WatchKit App";
			productName = "Tipp WatchKit App";
			productReference = FB1BCD2C20FEAF3800E2CA82 /* Tipp WatchKit App.app */;
			productType = "com.apple.product-type.application.watchapp2";
		};
		FB1BCD3A20FEAF3900E2CA82 /* Tipp WatchKit Extension */ = {
			isa = PBXNativeTarget;
			buildConfigurationList = FB1BCD4C20FEAF3900E2CA82 /* Build configuration list for PBXNativeTarget "Tipp WatchKit Extension" */;
			buildPhases = (
				FB1BCD3720FEAF3900E2CA82 /* Sources */,
				FB1BCD3820FEAF3900E2CA82 /* Frameworks */,
				FB1BCD3920FEAF3900E2CA82 /* Resources */,
			);
			buildRules = (
			);
			dependencies = (
			);
			name = "Tipp WatchKit Extension";
			productName = "Tipp WatchKit Extension";
			productReference = FB1BCD3B20FEAF3900E2CA82 /* Tipp WatchKit Extension.appex */;
			productType = "com.apple.product-type.watchkit2-extension";
		};
/* End PBXNativeTarget section */

/* Begin PBXProject section */
		FB1BCD1220FEAF3700E2CA82 /* Project object */ = {
			isa = PBXProject;
			attributes = {
				LastSwiftUpdateCheck = 0930;
				LastUpgradeCheck = 0930;
				ORGANIZATIONNAME = "Giorgio Doganiero";
				TargetAttributes = {
					FB1BCD1920FEAF3700E2CA82 = {
						CreatedOnToolsVersion = 9.3.1;
					};
					FB1BCD2B20FEAF3800E2CA82 = {
						CreatedOnToolsVersion = 9.3.1;
					};
					FB1BCD3A20FEAF3900E2CA82 = {
						CreatedOnToolsVersion = 9.3.1;
					};
				};
			};
			buildConfigurationList = FB1BCD1520FEAF3700E2CA82 /* Build configuration list for PBXProject "Tipp" */;
			compatibilityVersion = "Xcode 9.3";
			developmentRegion = en;
			hasScannedForEncodings = 0;
			knownRegions = (
				en,
				Base,
			);
			mainGroup = FB1BCD1120FEAF3700E2CA82;
			productRefGroup = FB1BCD1B20FEAF3700E2CA82 /* Products */;
			projectDirPath = "";
			projectRoot = "";
			targets = (
				FB1BCD1920FEAF3700E2CA82 /* Tipp */,
				FB1BCD2B20FEAF3800E2CA82 /* Tipp WatchKit App */,
				FB1BCD3A20FEAF3900E2CA82 /* Tipp WatchKit Extension */,
			);
		};
/* End PBXProject section */

/* Begin PBXResourcesBuildPhase section */
		FB1BCD1820FEAF3700E2CA82 /* Resources */ = {
			isa = PBXResourcesBuildPhase;
			buildActionMask = 2147483647;
			files = (
				FB1BCD2820FEAF3800E2CA82 /* LaunchScreen.storyboard in Resources */,
				FB1BCD2520FEAF3800E2CA82 /* Assets.xcassets in Resources */,
				FB1BCD2320FEAF3700E2CA82 /* Main.storyboard in Resources */,
			);
			runOnlyForDeploymentPostprocessing = 0;
		};
		FB1BCD2A20FEAF3800E2CA82 /* Resources */ = {
			isa = PBXResourcesBuildPhase;
			buildActionMask = 2147483647;
			files = (
				FB1BCD3520FEAF3900E2CA82 /* Assets.xcassets in Resources */,
				FB1BCD3320FEAF3800E2CA82 /* Interface.storyboard in Resources */,
			);
			runOnlyForDeploymentPostprocessing = 0;
		};
		FB1BCD3920FEAF3900E2CA82 /* Resources */ = {
			isa = PBXResourcesBuildPhase;
			buildActionMask = 2147483647;
			files = (
				FB1BCD4720FEAF3900E2CA82 /* Assets.xcassets in Resources */,
			);
			runOnlyForDeploymentPostprocessing = 0;
		};
/* End PBXResourcesBuildPhase section */

/* Begin PBXSourcesBuildPhase section */
		FB1BCD1620FEAF3700E2CA82 /* Sources */ = {
			isa = PBXSourcesBuildPhase;
			buildActionMask = 2147483647;
			files = (
				FB1BCD2020FEAF3700E2CA82 /* ViewController.swift in Sources */,
				FB1BCD7420FEDEA000E2CA82 /* Tip.swift in Sources */,
				FB1BCD1E20FEAF3700E2CA82 /* AppDelegate.swift in Sources */,
			);
			runOnlyForDeploymentPostprocessing = 0;
		};
		FB1BCD3720FEAF3900E2CA82 /* Sources */ = {
			isa = PBXSourcesBuildPhase;
			buildActionMask = 2147483647;
			files = (
				FB1BCD7520FEDF3800E2CA82 /* Tip.swift in Sources */,
				FB1BCD4520FEAF3900E2CA82 /* NotificationController.swift in Sources */,
				FB95509D210AB8EF0019D310 /* PercentageInterfaceController.swift in Sources */,
				FB1BCD4320FEAF3900E2CA82 /* ExtensionDelegate.swift in Sources */,
				FB1BCD4120FEAF3900E2CA82 /* TotalInterfaceController.swift in Sources */,
				FB95509F210ADB820019D310 /* TipInterfaceController.swift in Sources */,
			);
			runOnlyForDeploymentPostprocessing = 0;
		};
/* End PBXSourcesBuildPhase section */

/* Begin PBXTargetDependency section */
		FB1BCD2F20FEAF3800E2CA82 /* PBXTargetDependency */ = {
			isa = PBXTargetDependency;
			target = FB1BCD2B20FEAF3800E2CA82 /* Tipp WatchKit App */;
			targetProxy = FB1BCD2E20FEAF3800E2CA82 /* PBXContainerItemProxy */;
		};
		FB1BCD3E20FEAF3900E2CA82 /* PBXTargetDependency */ = {
			isa = PBXTargetDependency;
			target = FB1BCD3A20FEAF3900E2CA82 /* Tipp WatchKit Extension */;
			targetProxy = FB1BCD3D20FEAF3900E2CA82 /* PBXContainerItemProxy */;
		};
/* End PBXTargetDependency section */

/* Begin PBXVariantGroup section */
		FB1BCD2120FEAF3700E2CA82 /* Main.storyboard */ = {
			isa = PBXVariantGroup;
			children = (
				FB1BCD2220FEAF3700E2CA82 /* Base */,
			);
			name = Main.storyboard;
			sourceTree = "<group>";
		};
		FB1BCD2620FEAF3800E2CA82 /* LaunchScreen.storyboard */ = {
			isa = PBXVariantGroup;
			children = (
				FB1BCD2720FEAF3800E2CA82 /* Base */,
			);
			name = LaunchScreen.storyboard;
			sourceTree = "<group>";
		};
		FB1BCD3120FEAF3800E2CA82 /* Interface.storyboard */ = {
			isa = PBXVariantGroup;
			children = (
				FB1BCD3220FEAF3800E2CA82 /* Base */,
			);
			name = Interface.storyboard;
			sourceTree = "<group>";
		};
/* End PBXVariantGroup section */

/* Begin XCBuildConfiguration section */
		FB1BCD4A20FEAF3900E2CA82 /* Debug */ = {
			isa = XCBuildConfiguration;
			buildSettings = {
				ALWAYS_SEARCH_USER_PATHS = NO;
				CLANG_ANALYZER_NONNULL = YES;
				CLANG_ANALYZER_NUMBER_OBJECT_CONVERSION = YES_AGGRESSIVE;
				CLANG_CXX_LANGUAGE_STANDARD = "gnu++14";
				CLANG_CXX_LIBRARY = "libc++";
				CLANG_ENABLE_MODULES = YES;
				CLANG_ENABLE_OBJC_ARC = YES;
				CLANG_ENABLE_OBJC_WEAK = YES;
				CLANG_WARN_BLOCK_CAPTURE_AUTORELEASING = YES;
				CLANG_WARN_BOOL_CONVERSION = YES;
				CLANG_WARN_COMMA = YES;
				CLANG_WARN_CONSTANT_CONVERSION = YES;
				CLANG_WARN_DEPRECATED_OBJC_IMPLEMENTATIONS = YES;
				CLANG_WARN_DIRECT_OBJC_ISA_USAGE = YES_ERROR;
				CLANG_WARN_DOCUMENTATION_COMMENTS = YES;
				CLANG_WARN_EMPTY_BODY = YES;
				CLANG_WARN_ENUM_CONVERSION = YES;
				CLANG_WARN_INFINITE_RECURSION = YES;
				CLANG_WARN_INT_CONVERSION = YES;
				CLANG_WARN_NON_LITERAL_NULL_CONVERSION = YES;
				CLANG_WARN_OBJC_IMPLICIT_RETAIN_SELF = YES;
				CLANG_WARN_OBJC_LITERAL_CONVERSION = YES;
				CLANG_WARN_OBJC_ROOT_CLASS = YES_ERROR;
				CLANG_WARN_RANGE_LOOP_ANALYSIS = YES;
				CLANG_WARN_STRICT_PROTOTYPES = YES;
				CLANG_WARN_SUSPICIOUS_MOVE = YES;
				CLANG_WARN_UNGUARDED_AVAILABILITY = YES_AGGRESSIVE;
				CLANG_WARN_UNREACHABLE_CODE = YES;
				CLANG_WARN__DUPLICATE_METHOD_MATCH = YES;
				CODE_SIGN_IDENTITY = "iPhone Developer";
				COPY_PHASE_STRIP = NO;
				DEBUG_INFORMATION_FORMAT = dwarf;
				ENABLE_STRICT_OBJC_MSGSEND = YES;
				ENABLE_TESTABILITY = YES;
				GCC_C_LANGUAGE_STANDARD = gnu11;
				GCC_DYNAMIC_NO_PIC = NO;
				GCC_NO_COMMON_BLOCKS = YES;
				GCC_OPTIMIZATION_LEVEL = 0;
				GCC_PREPROCESSOR_DEFINITIONS = (
					"DEBUG=1",
					"$(inherited)",
				);
				GCC_WARN_64_TO_32_BIT_CONVERSION = YES;
				GCC_WARN_ABOUT_RETURN_TYPE = YES_ERROR;
				GCC_WARN_UNDECLARED_SELECTOR = YES;
				GCC_WARN_UNINITIALIZED_AUTOS = YES_AGGRESSIVE;
				GCC_WARN_UNUSED_FUNCTION = YES;
				GCC_WARN_UNUSED_VARIABLE = YES;
				IPHONEOS_DEPLOYMENT_TARGET = 11.3;
				MTL_ENABLE_DEBUG_INFO = YES;
				ONLY_ACTIVE_ARCH = YES;
				SDKROOT = iphoneos;
				SWIFT_ACTIVE_COMPILATION_CONDITIONS = DEBUG;
				SWIFT_OPTIMIZATION_LEVEL = "-Onone";
			};
			name = Debug;
		};
		FB1BCD4B20FEAF3900E2CA82 /* Release */ = {
			isa = XCBuildConfiguration;
			buildSettings = {
				ALWAYS_SEARCH_USER_PATHS = NO;
				CLANG_ANALYZER_NONNULL = YES;
				CLANG_ANALYZER_NUMBER_OBJECT_CONVERSION = YES_AGGRESSIVE;
				CLANG_CXX_LANGUAGE_STANDARD = "gnu++14";
				CLANG_CXX_LIBRARY = "libc++";
				CLANG_ENABLE_MODULES = YES;
				CLANG_ENABLE_OBJC_ARC = YES;
				CLANG_ENABLE_OBJC_WEAK = YES;
				CLANG_WARN_BLOCK_CAPTURE_AUTORELEASING = YES;
				CLANG_WARN_BOOL_CONVERSION = YES;
				CLANG_WARN_COMMA = YES;
				CLANG_WARN_CONSTANT_CONVERSION = YES;
				CLANG_WARN_DEPRECATED_OBJC_IMPLEMENTATIONS = YES;
				CLANG_WARN_DIRECT_OBJC_ISA_USAGE = YES_ERROR;
				CLANG_WARN_DOCUMENTATION_COMMENTS = YES;
				CLANG_WARN_EMPTY_BODY = YES;
				CLANG_WARN_ENUM_CONVERSION = YES;
				CLANG_WARN_INFINITE_RECURSION = YES;
				CLANG_WARN_INT_CONVERSION = YES;
				CLANG_WARN_NON_LITERAL_NULL_CONVERSION = YES;
				CLANG_WARN_OBJC_IMPLICIT_RETAIN_SELF = YES;
				CLANG_WARN_OBJC_LITERAL_CONVERSION = YES;
				CLANG_WARN_OBJC_ROOT_CLASS = YES_ERROR;
				CLANG_WARN_RANGE_LOOP_ANALYSIS = YES;
				CLANG_WARN_STRICT_PROTOTYPES = YES;
				CLANG_WARN_SUSPICIOUS_MOVE = YES;
				CLANG_WARN_UNGUARDED_AVAILABILITY = YES_AGGRESSIVE;
				CLANG_WARN_UNREACHABLE_CODE = YES;
				CLANG_WARN__DUPLICATE_METHOD_MATCH = YES;
				CODE_SIGN_IDENTITY = "iPhone Developer";
				COPY_PHASE_STRIP = NO;
				DEBUG_INFORMATION_FORMAT = "dwarf-with-dsym";
				ENABLE_NS_ASSERTIONS = NO;
				ENABLE_STRICT_OBJC_MSGSEND = YES;
				GCC_C_LANGUAGE_STANDARD = gnu11;
				GCC_NO_COMMON_BLOCKS = YES;
				GCC_WARN_64_TO_32_BIT_CONVERSION = YES;
				GCC_WARN_ABOUT_RETURN_TYPE = YES_ERROR;
				GCC_WARN_UNDECLARED_SELECTOR = YES;
				GCC_WARN_UNINITIALIZED_AUTOS = YES_AGGRESSIVE;
				GCC_WARN_UNUSED_FUNCTION = YES;
				GCC_WARN_UNUSED_VARIABLE = YES;
				IPHONEOS_DEPLOYMENT_TARGET = 11.3;
				MTL_ENABLE_DEBUG_INFO = NO;
				SDKROOT = iphoneos;
				SWIFT_COMPILATION_MODE = wholemodule;
				SWIFT_OPTIMIZATION_LEVEL = "-O";
				VALIDATE_PRODUCT = YES;
			};
			name = Release;
		};
		FB1BCD4D20FEAF3900E2CA82 /* Debug */ = {
			isa = XCBuildConfiguration;
			buildSettings = {
				ASSETCATALOG_COMPILER_COMPLICATION_NAME = Complication;
				CODE_SIGN_STYLE = Automatic;
				DEVELOPMENT_TEAM = HL76W8CJ28;
				INFOPLIST_FILE = "Tipp WatchKit Extension/Info.plist";
				LD_RUNPATH_SEARCH_PATHS = (
					"$(inherited)",
					"@executable_path/Frameworks",
					"@executable_path/../../Frameworks",
				);
				PRODUCT_BUNDLE_IDENTIFIER = "Giorgio-Doganiero.Tipp.watchkitapp.watchkitextension";
				PRODUCT_NAME = "${TARGET_NAME}";
				SDKROOT = watchos;
				SKIP_INSTALL = YES;
				SWIFT_VERSION = 4.0;
				TARGETED_DEVICE_FAMILY = 4;
				WATCHOS_DEPLOYMENT_TARGET = 4.3;
			};
			name = Debug;
		};
		FB1BCD4E20FEAF3900E2CA82 /* Release */ = {
			isa = XCBuildConfiguration;
			buildSettings = {
				ASSETCATALOG_COMPILER_COMPLICATION_NAME = Complication;
				CODE_SIGN_STYLE = Automatic;
				DEVELOPMENT_TEAM = HL76W8CJ28;
				INFOPLIST_FILE = "Tipp WatchKit Extension/Info.plist";
				LD_RUNPATH_SEARCH_PATHS = (
					"$(inherited)",
					"@executable_path/Frameworks",
					"@executable_path/../../Frameworks",
				);
				PRODUCT_BUNDLE_IDENTIFIER = "Giorgio-Doganiero.Tipp.watchkitapp.watchkitextension";
				PRODUCT_NAME = "${TARGET_NAME}";
				SDKROOT = watchos;
				SKIP_INSTALL = YES;
				SWIFT_VERSION = 4.0;
				TARGETED_DEVICE_FAMILY = 4;
				WATCHOS_DEPLOYMENT_TARGET = 4.3;
			};
			name = Release;
		};
		FB1BCD5120FEAF3900E2CA82 /* Debug */ = {
			isa = XCBuildConfiguration;
			buildSettings = {
				ALWAYS_EMBED_SWIFT_STANDARD_LIBRARIES = YES;
				ASSETCATALOG_COMPILER_APPICON_NAME = AppIcon;
				CODE_SIGN_STYLE = Automatic;
				DEVELOPMENT_TEAM = HL76W8CJ28;
				IBSC_MODULE = Tipp_WatchKit_Extension;
				INFOPLIST_FILE = "Tipp WatchKit App/Info.plist";
				PRODUCT_BUNDLE_IDENTIFIER = "Giorgio-Doganiero.Tipp.watchkitapp";
				PRODUCT_NAME = "$(TARGET_NAME)";
				SDKROOT = watchos;
				SKIP_INSTALL = YES;
				SWIFT_VERSION = 4.0;
				TARGETED_DEVICE_FAMILY = 4;
				WATCHOS_DEPLOYMENT_TARGET = 4.3;
			};
			name = Debug;
		};
		FB1BCD5220FEAF3900E2CA82 /* Release */ = {
			isa = XCBuildConfiguration;
			buildSettings = {
				ALWAYS_EMBED_SWIFT_STANDARD_LIBRARIES = YES;
				ASSETCATALOG_COMPILER_APPICON_NAME = AppIcon;
				CODE_SIGN_STYLE = Automatic;
				DEVELOPMENT_TEAM = HL76W8CJ28;
				IBSC_MODULE = Tipp_WatchKit_Extension;
				INFOPLIST_FILE = "Tipp WatchKit App/Info.plist";
				PRODUCT_BUNDLE_IDENTIFIER = "Giorgio-Doganiero.Tipp.watchkitapp";
				PRODUCT_NAME = "$(TARGET_NAME)";
				SDKROOT = watchos;
				SKIP_INSTALL = YES;
				SWIFT_VERSION = 4.0;
				TARGETED_DEVICE_FAMILY = 4;
				WATCHOS_DEPLOYMENT_TARGET = 4.3;
			};
			name = Release;
		};
		FB1BCD5520FEAF3900E2CA82 /* Debug */ = {
			isa = XCBuildConfiguration;
			buildSettings = {
				ASSETCATALOG_COMPILER_APPICON_NAME = AppIcon;
				CODE_SIGN_STYLE = Automatic;
				DEVELOPMENT_TEAM = HL76W8CJ28;
				INFOPLIST_FILE = Tipp/Info.plist;
				LD_RUNPATH_SEARCH_PATHS = (
					"$(inherited)",
					"@executable_path/Frameworks",
				);
				PRODUCT_BUNDLE_IDENTIFIER = "Giorgio-Doganiero.Tipp";
				PRODUCT_NAME = "$(TARGET_NAME)";
				SWIFT_VERSION = 4.0;
				TARGETED_DEVICE_FAMILY = "1,2";
			};
			name = Debug;
		};
		FB1BCD5620FEAF3900E2CA82 /* Release */ = {
			isa = XCBuildConfiguration;
			buildSettings = {
				ASSETCATALOG_COMPILER_APPICON_NAME = AppIcon;
				CODE_SIGN_STYLE = Automatic;
				DEVELOPMENT_TEAM = HL76W8CJ28;
				INFOPLIST_FILE = Tipp/Info.plist;
				LD_RUNPATH_SEARCH_PATHS = (
					"$(inherited)",
					"@executable_path/Frameworks",
				);
				PRODUCT_BUNDLE_IDENTIFIER = "Giorgio-Doganiero.Tipp";
				PRODUCT_NAME = "$(TARGET_NAME)";
				SWIFT_VERSION = 4.0;
				TARGETED_DEVICE_FAMILY = "1,2";
			};
			name = Release;
		};
/* End XCBuildConfiguration section */

/* Begin XCConfigurationList section */
		FB1BCD1520FEAF3700E2CA82 /* Build configuration list for PBXProject "Tipp" */ = {
			isa = XCConfigurationList;
			buildConfigurations = (
				FB1BCD4A20FEAF3900E2CA82 /* Debug */,
				FB1BCD4B20FEAF3900E2CA82 /* Release */,
			);
			defaultConfigurationIsVisible = 0;
			defaultConfigurationName = Release;
		};
		FB1BCD4C20FEAF3900E2CA82 /* Build configuration list for PBXNativeTarget "Tipp WatchKit Extension" */ = {
			isa = XCConfigurationList;
			buildConfigurations = (
				FB1BCD4D20FEAF3900E2CA82 /* Debug */,
				FB1BCD4E20FEAF3900E2CA82 /* Release */,
			);
			defaultConfigurationIsVisible = 0;
			defaultConfigurationName = Release;
		};
		FB1BCD5020FEAF3900E2CA82 /* Build configuration list for PBXNativeTarget "Tipp WatchKit App" */ = {
			isa = XCConfigurationList;
			buildConfigurations = (
				FB1BCD5120FEAF3900E2CA82 /* Debug */,
				FB1BCD5220FEAF3900E2CA82 /* Release */,
			);
			defaultConfigurationIsVisible = 0;
			defaultConfigurationName = Release;
		};
		FB1BCD5420FEAF3900E2CA82 /* Build configuration list for PBXNativeTarget "Tipp" */ = {
			isa = XCConfigurationList;
			buildConfigurations = (
				FB1BCD5520FEAF3900E2CA82 /* Debug */,
				FB1BCD5620FEAF3900E2CA82 /* Release */,
			);
			defaultConfigurationIsVisible = 0;
			defaultConfigurationName = Release;
		};
/* End XCConfigurationList section */
	};
	rootObject = FB1BCD1220FEAF3700E2CA82 /* Project object */;
}
